<?xml version="1.0" encoding="utf-8"?>
<Project ToolsVersion="17.0" xmlns="http://schemas.microsoft.com/developer/msbuild/2003">
  <ItemGroup>
    <Filter Include="Header Files">
      <UniqueIdentifier>{174FAF7A-E150-316A-8FA9-DCB2D9FA4C51}</UniqueIdentifier>
    </Filter>
    <Filter Include="Source Files">
      <UniqueIdentifier>{DD359385-3E10-39A8-BDBE-E651CB1745C6}</UniqueIdentifier>
    </Filter>
    <Filter Include="Resources">
      <UniqueIdentifier>{8c8a7e56-fe48-4168-8eb0-0715690de23e}</UniqueIdentifier>
    </Filter>
    <Filter Include="Resources\BINK">
      <UniqueIdentifier>{f5cd78be-da1c-4cfe-a3b9-56a21fefadf4}</UniqueIdentifier>
    </Filter>
    <Filter Include="Resources\Bitmaps">
      <UniqueIdentifier>{7847a032-b440-4d10-a8a6-ed1b9cb62197}</UniqueIdentifier>
    </Filter>
    <Filter Include="Resources\Wave">
      <UniqueIdentifier>{198e89a5-06ad-4790-bfaa-1e59588bf2d2}</UniqueIdentifier>
    </Filter>
  </ItemGroup>
  <ItemGroup>
    <Media Include="resources\pxiii.wav">
      <Filter>Resources\Wave</Filter>
    </Media>
  </ItemGroup>
  <ItemGroup>
    <Image Include="resources\icon.ico">
      <Filter>Resources</Filter>
    </Image>
    <Image Include="resources\dropdown.bmp">
      <Filter>Resources\Bitmaps</Filter>
    </Image>
    <Image Include="resources\ender.bmp">
      <Filter>Resources\Bitmaps</Filter>
    </Image>
    <Image Include="resources\musicoff.bmp">
      <Filter>Resources\Bitmaps</Filter>
    </Image>
    <Image Include="resources\musicon.bmp">
      <Filter>Resources\Bitmaps</Filter>
    </Image>
    <Image Include="resources\logo.bmp">
      <Filter>Resources\Bitmaps</Filter>
    </Image>
  </ItemGroup>
  <ItemGroup>
    <ClInclude Include="src\header.h">
      <Filter>Header Files</Filter>
    </ClInclude>
    <ClInclude Include="src\resource.h">
      <Filter>Header Files</Filter>
    </ClInclude>
    <ClInclude Include="src\presets.h">
      <Filter>Header Files</Filter>
    </ClInclude>
  </ItemGroup>
  <ItemGroup>
    <ClCompile Include="src\windows.cpp">
      <Filter>Source Files</Filter>
    </ClCompile>
    <ClCompile Include="src\xp.cpp">
      <Filter>Source Files</Filter>
    </ClCompile>
    <ClCompile Include="src\bink.cpp">
      <Filter>Source Files</Filter>
    </ClCompile>
    <ClCompile Include="src\key.cpp">
      <Filter>Source Files</Filter>
    </ClCompile>
    <ClCompile Include="src\main.cpp">
      <Filter>Source Files</Filter>
    </ClCompile>
    <ClCompile Include="src\server.cpp">
      <Filter>Source Files</Filter>
    </ClCompile>
    <ClCompile Include="src\utilities.cpp">
      <Filter>Source Files</Filter>
    </ClCompile>
    <ClCompile Include="src\presets.cpp">
      <Filter>Source Files</Filter>
    </ClCompile>
  </ItemGroup>
  <ItemGroup>
    <ResourceCompile Include="src\resource.rc">
      <Filter>Resources</Filter>
    </ResourceCompile>
  </ItemGroup>
  <ItemGroup>
    <None Include="resources\bink\BINK98SE.bin">
      <Filter>Resources\BINK</Filter>
    </None>
    <None Include="resources\bink\BINK98SEOEM.bin">
      <Filter>Resources\BINK</Filter>
    </None>
    <None Include="resources\bink\BINK2003.bin">
      <Filter>Resources\BINK</Filter>
    </None>
    <None Include="resources\bink\BINK2003OEM.bin">
      <Filter>Resources\BINK</Filter>
    </None>
    <None Include="resources\bink\BINKXP.bin">
      <Filter>Resources\BINK</Filter>
    </None>
    <None Include="resources\bink\BINKXP64.bin">
      <Filter>Resources\BINK</Filter>
    </None>
    <None Include="resources\bink\BINKXP64OEM.bin">
      <Filter>Resources\BINK</Filter>
    </None>
    <None Include="resources\bink\BINKXPOEM.bin">
      <Filter>Resources\BINK</Filter>
    </None>
  </ItemGroup>
</Project>