<?xml version="1.0" encoding="utf-8"?>
<Project ToolsVersion="17.0" xmlns="http://schemas.microsoft.com/developer/msbuild/2003">
  <ItemGroup>
    <ClCompile Include="D:\Software\Development\XPKeygen\main.cpp">
      <Filter>Source Files</Filter>
    </ClCompile>
    <ClCompile Include="D:\Software\Development\XPKeygen\xp.cpp">
      <Filter>Source Files</Filter>
    </ClCompile>
    <ClCompile Include="D:\Software\Development\XPKeygen\server.cpp">
      <Filter>Source Files</Filter>
    </ClCompile>
    <ClCompile Include="D:\Software\Development\XPKeygen\utilities.cpp">
      <Filter>Source Files</Filter>
    </ClCompile>
    <ClCompile Include="D:\Software\Development\XPKeygen\key.cpp">
      <Filter>Source Files</Filter>
    </ClCompile>
    <ClCompile Include="windows.cpp">
      <Filter>Source Files</Filter>
    </ClCompile>
    <ClCompile Include="bink.cpp">
      <Filter>Source Files</Filter>
    </ClCompile>
  </ItemGroup>
  <ItemGroup>
    <ClInclude Include="D:\Software\Development\XPKeygen\header.h">
      <Filter>Header Files</Filter>
    </ClInclude>
    <ClInclude Include="resource.h">
      <Filter>Resources</Filter>
    </ClInclude>
  </ItemGroup>
  <ItemGroup>
    <Filter Include="Header Files">
      <UniqueIdentifier>{174FAF7A-E150-316A-8FA9-DCB2D9FA4C51}</UniqueIdentifier>
    </Filter>
    <Filter Include="Source Files">
      <UniqueIdentifier>{DD359385-3E10-39A8-BDBE-E651CB1745C6}</UniqueIdentifier>
    </Filter>
    <Filter Include="Resources">
      <UniqueIdentifier>{8c8a7e56-fe48-4168-8eb0-0715690de23e}</UniqueIdentifier>
    </Filter>
  </ItemGroup>
  <ItemGroup>
    <Media Include="resources\neon.wav">
      <Filter>Resources</Filter>
    </Media>
    <Media Include="resources\pxiii.wav">
      <Filter>Resources</Filter>
    </Media>
  </ItemGroup>
  <ItemGroup>
    <Image Include="resources\ender.bmp">
      <Filter>Resources</Filter>
    </Image>
    <Image Include="resources\icon.ico">
      <Filter>Resources</Filter>
    </Image>
    <Image Include="resources\logo.bmp">
      <Filter>Resources</Filter>
    </Image>
    <Image Include="resources\musicoff.bmp">
      <Filter>Resources</Filter>
    </Image>
    <Image Include="resources\musicon.bmp">
      <Filter>Resources</Filter>
    </Image>
  </ItemGroup>
  <ItemGroup>
    <ResourceCompile Include="resource.rc">
      <Filter>Resources</Filter>
    </ResourceCompile>
  </ItemGroup>
</Project>